
Microsoft Visual Studio Solution File, Format Version 12.00
# Visual Studio Version 17
VisualStudioVersion = 17.12.35506.116 d17.12
MinimumVisualStudioVersion = 10.0.40219.1
Project("{FAE04EC0-301F-11D3-BF4B-00C04F79EFBC}") = "Weiqi.Engine", "Weiqi.Engine\Weiqi.Engine.csproj", "{7416F196-3D5E-4B8A-8572-3619627E5A6A}"
EndProject
Project("{FAE04EC0-301F-11D3-BF4B-00C04F79EFBC}") = "Weiqi.Desktop", "Weiqi.Desktop\Weiqi.Desktop.csproj", "{57BCFC06-3BE2-448E-9645-02FDBC39825B}"
EndProject
Global
	GlobalSection(SolutionConfigurationPlatforms) = preSolution
		Debug|Any CPU = Debug|Any CPU
		Release|Any CPU = Release|Any CPU
	EndGlobalSection
	GlobalSection(ProjectConfigurationPlatforms) = postSolution
		{7416F196-3D5E-4B8A-8572-3619627E5A6A}.Debug|Any CPU.ActiveCfg = Debug|Any CPU
		{7416F196-3D5E-4B8A-8572-3619627E5A6A}.Debug|Any CPU.Build.0 = Debug|Any CPU
		{7416F196-3D5E-4B8A-8572-3619627E5A6A}.Release|Any CPU.ActiveCfg = Release|Any CPU
		{7416F196-3D5E-4B8A-8572-3619627E5A6A}.Release|Any CPU.Build.0 = Release|Any CPU
		{57BCFC06-3BE2-448E-9645-02FDBC39825B}.Debug|Any CPU.ActiveCfg = Debug|Any CPU
		{57BCFC06-3BE2-448E-9645-02FDBC39825B}.Debug|Any CPU.Build.0 = Debug|Any CPU
		{57BCFC06-3BE2-448E-9645-02FDBC39825B}.Release|Any CPU.ActiveCfg = Release|Any CPU
		{57BCFC06-3BE2-448E-9645-02FDBC39825B}.Release|Any CPU.Build.0 = Release|Any CPU
	EndGlobalSection
	GlobalSection(SolutionProperties) = preSolution
		HideSolutionNode = FALSE
	EndGlobalSection
EndGlobal
