
Microsoft Visual Studio Solution File, Format Version 12.00
Project("{FAE04EC0-301F-11D3-BF4B-00C04F79EFBC}") = "Weiqi.Engine", "Weiqi.Engine\Weiqi.Engine.csproj", "{7416F196-3D5E-4B8A-8572-3619627E5A6A}"
EndProject
Project("{FAE04EC0-301F-11D3-BF4B-00C04F79EFBC}") = "Weiqi.Console", "Weiqi.Console\Weiqi.Console.csproj", "{2FAD4A57-2F8B-41E5-8A6C-F9422385685A}"
EndProject
Global
	GlobalSection(SolutionConfigurationPlatforms) = preSolution
		Debug|Any CPU = Debug|Any CPU
		Release|Any CPU = Release|Any CPU
	EndGlobalSection
	GlobalSection(ProjectConfigurationPlatforms) = postSolution
		{7416F196-3D5E-4B8A-8572-3619627E5A6A}.Debug|Any CPU.ActiveCfg = Debug|Any CPU
		{7416F196-3D5E-4B8A-8572-3619627E5A6A}.Debug|Any CPU.Build.0 = Debug|Any CPU
		{7416F196-3D5E-4B8A-8572-3619627E5A6A}.Release|Any CPU.ActiveCfg = Release|Any CPU
		{7416F196-3D5E-4B8A-8572-3619627E5A6A}.Release|Any CPU.Build.0 = Release|Any CPU
		{2FAD4A57-2F8B-41E5-8A6C-F9422385685A}.Debug|Any CPU.ActiveCfg = Debug|Any CPU
		{2FAD4A57-2F8B-41E5-8A6C-F9422385685A}.Debug|Any CPU.Build.0 = Debug|Any CPU
		{2FAD4A57-2F8B-41E5-8A6C-F9422385685A}.Release|Any CPU.ActiveCfg = Release|Any CPU
		{2FAD4A57-2F8B-41E5-8A6C-F9422385685A}.Release|Any CPU.Build.0 = Release|Any CPU
	EndGlobalSection
EndGlobal
